
Microsoft Visual Studio Solution File, Format Version 12.00
# Visual Studio Version 17
VisualStudioVersion = 17.14.37027.9 d17.14
MinimumVisualStudioVersion = 10.0.40219.1
Project("{FAE04EC0-301F-11D3-BF4B-00C04F79EFBC}") = "ProdigySportsWebsite", "ProdigySportsWebsite.csproj", "{ED5ED99E-535E-4154-82E6-7C1B343B0329}"
EndProject
Global
	GlobalSection(SolutionConfigurationPlatforms) = preSolution
		Debug|Any CPU = Debug|Any CPU
		Release|Any CPU = Release|Any CPU
	EndGlobalSection
	GlobalSection(ProjectConfigurationPlatforms) = postSolution
		{ED5ED99E-535E-4154-82E6-7C1B343B0329}.Debug|Any CPU.ActiveCfg = Debug|Any CPU
		{ED5ED99E-535E-4154-82E6-7C1B343B0329}.Debug|Any CPU.Build.0 = Debug|Any CPU
		{ED5ED99E-535E-4154-82E6-7C1B343B0329}.Release|Any CPU.ActiveCfg = Release|Any CPU
		{ED5ED99E-535E-4154-82E6-7C1B343B0329}.Release|Any CPU.Build.0 = Release|Any CPU
	EndGlobalSection
	GlobalSection(SolutionProperties) = preSolution
		HideSolutionNode = FALSE
	EndGlobalSection
	GlobalSection(ExtensibilityGlobals) = postSolution
		SolutionGuid = {2647576E-B4D6-4C8F-8A2A-D704D49F71ED}
	EndGlobalSection
EndGlobal
